// !$*UTF8*$!
{
	archiveVersion = 1;
	classes = {
	};
	objectVersion = 55;
	objects = {

/* Begin PBXBuildFile section */
		AC4895CE295EEFA500706181 /* ViewInspector in Frameworks */ = {isa = PBXBuildFile; productRef = AC4895CD295EEFA500706181 /* ViewInspector */; };
		AC4895D1295EF12400706181 /* SnapshotTesting in Frameworks */ = {isa = PBXBuildFile; productRef = AC4895D0295EF12400706181 /* SnapshotTesting */; };
		ACB04282295B33E300E6F2BC /* ViewModifiers.swift in Sources */ = {isa = PBXBuildFile; fileRef = ACB04281295B33E300E6F2BC /* ViewModifiers.swift */; };
		ACD159432959A4D9000926F6 /* Poke_monDenApp.swift in Sources */ = {isa = PBXBuildFile; fileRef = ACD159422959A4D9000926F6 /* Poke_monDenApp.swift */; };
		ACD159472959A4DB000926F6 /* Assets.xcassets in Resources */ = {isa = PBXBuildFile; fileRef = ACD159462959A4DB000926F6 /* Assets.xcassets */; };
		ACD1594A2959A4DB000926F6 /* Preview Assets.xcassets in Resources */ = {isa = PBXBuildFile; fileRef = ACD159492959A4DB000926F6 /* Preview Assets.xcassets */; };
		ACD159542959A4DB000926F6 /* Poke_monDenTests.swift in Sources */ = {isa = PBXBuildFile; fileRef = ACD159532959A4DB000926F6 /* Poke_monDenTests.swift */; };
		ACD1595E2959A4DB000926F6 /* Poke_monDenUITests.swift in Sources */ = {isa = PBXBuildFile; fileRef = ACD1595D2959A4DB000926F6 /* Poke_monDenUITests.swift */; };
		ACD159602959A4DB000926F6 /* Poke_monDenUITestsLaunchTests.swift in Sources */ = {isa = PBXBuildFile; fileRef = ACD1595F2959A4DB000926F6 /* Poke_monDenUITestsLaunchTests.swift */; };
		ACD1596F2959A5F7000926F6 /* NetworkClient.swift in Sources */ = {isa = PBXBuildFile; fileRef = ACD1596E2959A5F7000926F6 /* NetworkClient.swift */; };
		ACD159822959AC50000926F6 /* PokemonDetailsDataModel.swift in Sources */ = {isa = PBXBuildFile; fileRef = ACD1597E2959AC50000926F6 /* PokemonDetailsDataModel.swift */; };
		ACD159832959AC50000926F6 /* ListOfPokemonDataModel.swift in Sources */ = {isa = PBXBuildFile; fileRef = ACD1597F2959AC50000926F6 /* ListOfPokemonDataModel.swift */; };
		ACD159842959AC50000926F6 /* BaseDataModel.swift in Sources */ = {isa = PBXBuildFile; fileRef = ACD159802959AC50000926F6 /* BaseDataModel.swift */; };
		ACD159852959AC50000926F6 /* PokemonDescDataModel.swift in Sources */ = {isa = PBXBuildFile; fileRef = ACD159812959AC50000926F6 /* PokemonDescDataModel.swift */; };
		ACD1598B2959ACE5000926F6 /* Mapper+Protocol.swift in Sources */ = {isa = PBXBuildFile; fileRef = ACD159872959ACE5000926F6 /* Mapper+Protocol.swift */; };
		ACD1598C2959ACE5000926F6 /* PokemonDetailMapper.swift in Sources */ = {isa = PBXBuildFile; fileRef = ACD159882959ACE5000926F6 /* PokemonDetailMapper.swift */; };
		ACD1598D2959ACE5000926F6 /* ListOfPokemonMapper.swift in Sources */ = {isa = PBXBuildFile; fileRef = ACD159892959ACE5000926F6 /* ListOfPokemonMapper.swift */; };
		ACD1598E2959ACE5000926F6 /* PokemonDescMapper.swift in Sources */ = {isa = PBXBuildFile; fileRef = ACD1598A2959ACE5000926F6 /* PokemonDescMapper.swift */; };
		ACD159952959ADE7000926F6 /* ListOfPokemonDomainModel.swift in Sources */ = {isa = PBXBuildFile; fileRef = ACD159912959ADE7000926F6 /* ListOfPokemonDomainModel.swift */; };
		ACD159962959ADE7000926F6 /* PokemonDetailsDomainModel.swift in Sources */ = {isa = PBXBuildFile; fileRef = ACD159922959ADE7000926F6 /* PokemonDetailsDomainModel.swift */; };
		ACD159972959ADE7000926F6 /* BaseDomainModel.swift in Sources */ = {isa = PBXBuildFile; fileRef = ACD159932959ADE7000926F6 /* BaseDomainModel.swift */; };
		ACD159982959ADE7000926F6 /* PokemonDescDomainModel.swift in Sources */ = {isa = PBXBuildFile; fileRef = ACD159942959ADE7000926F6 /* PokemonDescDomainModel.swift */; };
		ACD1599C2959AEB3000926F6 /* Helpers.swift in Sources */ = {isa = PBXBuildFile; fileRef = ACD1599B2959AEB3000926F6 /* Helpers.swift */; };
		ACD1599F2959AF3C000926F6 /* Repository.swift in Sources */ = {isa = PBXBuildFile; fileRef = ACD1599E2959AF3C000926F6 /* Repository.swift */; };
		ACD159A22959AFAE000926F6 /* Service.swift in Sources */ = {isa = PBXBuildFile; fileRef = ACD159A12959AFAE000926F6 /* Service.swift */; };
		ACD159A92959B63D000926F6 /* HomeUseCase.swift in Sources */ = {isa = PBXBuildFile; fileRef = ACD159A72959B63D000926F6 /* HomeUseCase.swift */; };
		ACD159AA2959B63D000926F6 /* DetailUseCase.swift in Sources */ = {isa = PBXBuildFile; fileRef = ACD159A82959B63D000926F6 /* DetailUseCase.swift */; };
		ACD159AF295AC6DA000926F6 /* HomeViewModel.swift in Sources */ = {isa = PBXBuildFile; fileRef = ACD159AE295AC6DA000926F6 /* HomeViewModel.swift */; };
		ACD159B1295ACCB1000926F6 /* HomeView.swift in Sources */ = {isa = PBXBuildFile; fileRef = ACD159B0295ACCB1000926F6 /* HomeView.swift */; };
		ACD159B4295AD014000926F6 /* Colors.swift in Sources */ = {isa = PBXBuildFile; fileRef = ACD159B3295AD014000926F6 /* Colors.swift */; };
		ACD159B7295AD059000926F6 /* HeaderView.swift in Sources */ = {isa = PBXBuildFile; fileRef = ACD159B6295AD059000926F6 /* HeaderView.swift */; };
		ACD159C5295AD0DB000926F6 /* Roboto-ThinItalic.ttf in Resources */ = {isa = PBXBuildFile; fileRef = ACD159B9295AD0DB000926F6 /* Roboto-ThinItalic.ttf */; };
		ACD159C6295AD0DB000926F6 /* Roboto-Black.ttf in Resources */ = {isa = PBXBuildFile; fileRef = ACD159BA295AD0DB000926F6 /* Roboto-Black.ttf */; };
		ACD159C7295AD0DB000926F6 /* Roboto-Medium.ttf in Resources */ = {isa = PBXBuildFile; fileRef = ACD159BB295AD0DB000926F6 /* Roboto-Medium.ttf */; };
		ACD159C8295AD0DB000926F6 /* Roboto-Regular.ttf in Resources */ = {isa = PBXBuildFile; fileRef = ACD159BC295AD0DB000926F6 /* Roboto-Regular.ttf */; };
		ACD159C9295AD0DB000926F6 /* Roboto-BlackItalic.ttf in Resources */ = {isa = PBXBuildFile; fileRef = ACD159BD295AD0DB000926F6 /* Roboto-BlackItalic.ttf */; };
		ACD159CA295AD0DB000926F6 /* Roboto-Thin.ttf in Resources */ = {isa = PBXBuildFile; fileRef = ACD159BE295AD0DB000926F6 /* Roboto-Thin.ttf */; };
		ACD159CB295AD0DB000926F6 /* Roboto-Light.ttf in Resources */ = {isa = PBXBuildFile; fileRef = ACD159BF295AD0DB000926F6 /* Roboto-Light.ttf */; };
		ACD159CC295AD0DB000926F6 /* Roboto-Italic.ttf in Resources */ = {isa = PBXBuildFile; fileRef = ACD159C0295AD0DB000926F6 /* Roboto-Italic.ttf */; };
		ACD159CD295AD0DB000926F6 /* Roboto-Bold.ttf in Resources */ = {isa = PBXBuildFile; fileRef = ACD159C1295AD0DB000926F6 /* Roboto-Bold.ttf */; };
		ACD159CE295AD0DB000926F6 /* Roboto-BoldItalic.ttf in Resources */ = {isa = PBXBuildFile; fileRef = ACD159C2295AD0DB000926F6 /* Roboto-BoldItalic.ttf */; };
		ACD159CF295AD0DB000926F6 /* Roboto-LightItalic.ttf in Resources */ = {isa = PBXBuildFile; fileRef = ACD159C3295AD0DB000926F6 /* Roboto-LightItalic.ttf */; };
		ACD159D0295AD0DB000926F6 /* Roboto-MediumItalic.ttf in Resources */ = {isa = PBXBuildFile; fileRef = ACD159C4295AD0DB000926F6 /* Roboto-MediumItalic.ttf */; };
		ACD159D2295AD1D1000926F6 /* SearchBarView.swift in Sources */ = {isa = PBXBuildFile; fileRef = ACD159D1295AD1D1000926F6 /* SearchBarView.swift */; };
		ACD159D4295AD2ED000926F6 /* PokemonGridItemView.swift in Sources */ = {isa = PBXBuildFile; fileRef = ACD159D3295AD2ED000926F6 /* PokemonGridItemView.swift */; };
		ACD4D181295C84FC005BBFB4 /* MockRepository.swift in Sources */ = {isa = PBXBuildFile; fileRef = ACD4D180295C84FC005BBFB4 /* MockRepository.swift */; };
		ACD4D184295C8752005BBFB4 /* HomeUseCaseTests.swift in Sources */ = {isa = PBXBuildFile; fileRef = ACD4D183295C8752005BBFB4 /* HomeUseCaseTests.swift */; };
		ACD4D19E295D7D33005BBFB4 /* pokemonSpecies.json in Resources */ = {isa = PBXBuildFile; fileRef = ACD4D19A295D7D33005BBFB4 /* pokemonSpecies.json */; };
		ACD4D19F295D7D33005BBFB4 /* emptyResponse.json in Resources */ = {isa = PBXBuildFile; fileRef = ACD4D19B295D7D33005BBFB4 /* emptyResponse.json */; };
		ACD4D1A0295D7D33005BBFB4 /* pokemonDetails.json in Resources */ = {isa = PBXBuildFile; fileRef = ACD4D19C295D7D33005BBFB4 /* pokemonDetails.json */; };
		ACD4D1A1295D7D33005BBFB4 /* pokemonList.json in Resources */ = {isa = PBXBuildFile; fileRef = ACD4D19D295D7D33005BBFB4 /* pokemonList.json */; };
		ACD4D1A3295D7D83005BBFB4 /* DetailUseCaseTests.swift in Sources */ = {isa = PBXBuildFile; fileRef = ACD4D1A2295D7D83005BBFB4 /* DetailUseCaseTests.swift */; };
		ACD4D1A6295D9436005BBFB4 /* HomeViewModelTests.swift in Sources */ = {isa = PBXBuildFile; fileRef = ACD4D1A5295D9436005BBFB4 /* HomeViewModelTests.swift */; };
		ACD4D1A8295DAF1C005BBFB4 /* anotherPokemonDetails.json in Resources */ = {isa = PBXBuildFile; fileRef = ACD4D1A7295DAF1C005BBFB4 /* anotherPokemonDetails.json */; };
		ACD4D1AA295DB293005BBFB4 /* DetailViewModelTests.swift in Sources */ = {isa = PBXBuildFile; fileRef = ACD4D1A9295DB293005BBFB4 /* DetailViewModelTests.swift */; };
		ACD4D1AD295DC440005BBFB4 /* HeadingAndSubHeadingViewSnapshotTests.swift in Sources */ = {isa = PBXBuildFile; fileRef = ACD4D1AC295DC440005BBFB4 /* HeadingAndSubHeadingViewSnapshotTests.swift */; };
		ACD514E9295AD608008DEDA7 /* RepositoryInterface.swift in Sources */ = {isa = PBXBuildFile; fileRef = ACD514E8295AD608008DEDA7 /* RepositoryInterface.swift */; };
		ACD514EB295AD629008DEDA7 /* ServiceInterface.swift in Sources */ = {isa = PBXBuildFile; fileRef = ACD514EA295AD629008DEDA7 /* ServiceInterface.swift */; };
		ACD514F0295AEE20008DEDA7 /* DetailViewModel.swift in Sources */ = {isa = PBXBuildFile; fileRef = ACD514EF295AEE20008DEDA7 /* DetailViewModel.swift */; };
		ACD514F3295AEF36008DEDA7 /* HeadingAndSubHeadingView.swift in Sources */ = {isa = PBXBuildFile; fileRef = ACD514F2295AEF36008DEDA7 /* HeadingAndSubHeadingView.swift */; };
		ACD514F5295AEF8F008DEDA7 /* ImageAndDescriptionView.swift in Sources */ = {isa = PBXBuildFile; fileRef = ACD514F4295AEF8F008DEDA7 /* ImageAndDescriptionView.swift */; };
		ACD514F7295AF03A008DEDA7 /* PokemonTypeView.swift in Sources */ = {isa = PBXBuildFile; fileRef = ACD514F6295AF03A008DEDA7 /* PokemonTypeView.swift */; };
		ACD514F9295AF0AC008DEDA7 /* ProgressBarView.swift in Sources */ = {isa = PBXBuildFile; fileRef = ACD514F8295AF0AC008DEDA7 /* ProgressBarView.swift */; };
		ACD514FB295AF0ED008DEDA7 /* StatItemView.swift in Sources */ = {isa = PBXBuildFile; fileRef = ACD514FA295AF0ED008DEDA7 /* StatItemView.swift */; };
		ACD514FD295AF116008DEDA7 /* StatsView.swift in Sources */ = {isa = PBXBuildFile; fileRef = ACD514FC295AF116008DEDA7 /* StatsView.swift */; };
		ACD514FF295AF18A008DEDA7 /* DetailView.swift in Sources */ = {isa = PBXBuildFile; fileRef = ACD514FE295AF18A008DEDA7 /* DetailView.swift */; };
		ACDE3A34295EDFD200F314FF /* HeaderViewTests.swift in Sources */ = {isa = PBXBuildFile; fileRef = ACDE3A33295EDFD200F314FF /* HeaderViewTests.swift */; };
		ACDE3A39295EEA6000F314FF /* PokemonTypeViewTests.swift in Sources */ = {isa = PBXBuildFile; fileRef = ACDE3A38295EEA6000F314FF /* PokemonTypeViewTests.swift */; };
/* End PBXBuildFile section */

/* Begin PBXContainerItemProxy section */
		ACD159502959A4DB000926F6 /* PBXContainerItemProxy */ = {
			isa = PBXContainerItemProxy;
			containerPortal = ACD159372959A4D9000926F6 /* Project object */;
			proxyType = 1;
			remoteGlobalIDString = ACD1593E2959A4D9000926F6;
			remoteInfo = "PokémonDen";
		};
		ACD1595A2959A4DB000926F6 /* PBXContainerItemProxy */ = {
			isa = PBXContainerItemProxy;
			containerPortal = ACD159372959A4D9000926F6 /* Project object */;
			proxyType = 1;
			remoteGlobalIDString = ACD1593E2959A4D9000926F6;
			remoteInfo = "PokémonDen";
		};
/* End PBXContainerItemProxy section */

/* Begin PBXFileReference section */
		0622A700E1F3194AF4D25497 /* Pods-PokémonDen-PokémonDenSnapshotTests.release.xcconfig */ = {isa = PBXFileReference; includeInIndex = 1; lastKnownFileType = text.xcconfig; name = "Pods-PokémonDen-PokémonDenSnapshotTests.release.xcconfig"; path = "Target Support Files/Pods-PokémonDen-PokémonDenSnapshotTests/Pods-PokémonDen-PokémonDenSnapshotTests.release.xcconfig"; sourceTree = "<group>"; };
		1460455EA9AD044DD2401855 /* Pods-PokémonDenTests.release.xcconfig */ = {isa = PBXFileReference; includeInIndex = 1; lastKnownFileType = text.xcconfig; name = "Pods-PokémonDenTests.release.xcconfig"; path = "Target Support Files/Pods-PokémonDenTests/Pods-PokémonDenTests.release.xcconfig"; sourceTree = "<group>"; };
		1E292E2312B965DB53B41990 /* Pods_Poke_monDen_Poke_monDenUITests.framework */ = {isa = PBXFileReference; explicitFileType = wrapper.framework; includeInIndex = 0; path = Pods_Poke_monDen_Poke_monDenUITests.framework; sourceTree = BUILT_PRODUCTS_DIR; };
		4E9BD39FD2518717B7727FEA /* Pods_Poke_monDen_Poke_monDenSnapshotTests.framework */ = {isa = PBXFileReference; explicitFileType = wrapper.framework; includeInIndex = 0; path = Pods_Poke_monDen_Poke_monDenSnapshotTests.framework; sourceTree = BUILT_PRODUCTS_DIR; };
		71CA4021E1C09E795CEB54FB /* Pods_Poke_monDen.framework */ = {isa = PBXFileReference; explicitFileType = wrapper.framework; includeInIndex = 0; path = Pods_Poke_monDen.framework; sourceTree = BUILT_PRODUCTS_DIR; };
		91D6170083E57959C267A3D9 /* Pods-PokémonDenTests.debug.xcconfig */ = {isa = PBXFileReference; includeInIndex = 1; lastKnownFileType = text.xcconfig; name = "Pods-PokémonDenTests.debug.xcconfig"; path = "Target Support Files/Pods-PokémonDenTests/Pods-PokémonDenTests.debug.xcconfig"; sourceTree = "<group>"; };
		A13D91183D75FB20F240112B /* Pods-PokémonDen.release.xcconfig */ = {isa = PBXFileReference; includeInIndex = 1; lastKnownFileType = text.xcconfig; name = "Pods-PokémonDen.release.xcconfig"; path = "Target Support Files/Pods-PokémonDen/Pods-PokémonDen.release.xcconfig"; sourceTree = "<group>"; };
		ACB0427D295B118D00E6F2BC /* Pods_Poke_monDen.framework */ = {isa = PBXFileReference; explicitFileType = wrapper.framework; path = Pods_Poke_monDen.framework; sourceTree = BUILT_PRODUCTS_DIR; };
		ACB04281295B33E300E6F2BC /* ViewModifiers.swift */ = {isa = PBXFileReference; lastKnownFileType = sourcecode.swift; path = ViewModifiers.swift; sourceTree = "<group>"; };
		ACB0429C295C37EE00E6F2BC /* SnapshotTesting.framework */ = {isa = PBXFileReference; explicitFileType = wrapper.framework; path = SnapshotTesting.framework; sourceTree = BUILT_PRODUCTS_DIR; };
		ACD1593F2959A4D9000926F6 /* PokémonDen.app */ = {isa = PBXFileReference; explicitFileType = wrapper.application; includeInIndex = 0; path = "PokémonDen.app"; sourceTree = BUILT_PRODUCTS_DIR; };
		ACD159422959A4D9000926F6 /* Poke_monDenApp.swift */ = {isa = PBXFileReference; lastKnownFileType = sourcecode.swift; path = Poke_monDenApp.swift; sourceTree = "<group>"; };
		ACD159462959A4DB000926F6 /* Assets.xcassets */ = {isa = PBXFileReference; lastKnownFileType = folder.assetcatalog; path = Assets.xcassets; sourceTree = "<group>"; };
		ACD159492959A4DB000926F6 /* Preview Assets.xcassets */ = {isa = PBXFileReference; lastKnownFileType = folder.assetcatalog; path = "Preview Assets.xcassets"; sourceTree = "<group>"; };
		ACD1594F2959A4DB000926F6 /* PokémonDenTests.xctest */ = {isa = PBXFileReference; explicitFileType = wrapper.cfbundle; includeInIndex = 0; path = "PokémonDenTests.xctest"; sourceTree = BUILT_PRODUCTS_DIR; };
		ACD159532959A4DB000926F6 /* Poke_monDenTests.swift */ = {isa = PBXFileReference; lastKnownFileType = sourcecode.swift; path = Poke_monDenTests.swift; sourceTree = "<group>"; };
		ACD159592959A4DB000926F6 /* PokémonDenUITests.xctest */ = {isa = PBXFileReference; explicitFileType = wrapper.cfbundle; includeInIndex = 0; path = "PokémonDenUITests.xctest"; sourceTree = BUILT_PRODUCTS_DIR; };
		ACD1595D2959A4DB000926F6 /* Poke_monDenUITests.swift */ = {isa = PBXFileReference; lastKnownFileType = sourcecode.swift; path = Poke_monDenUITests.swift; sourceTree = "<group>"; };
		ACD1595F2959A4DB000926F6 /* Poke_monDenUITestsLaunchTests.swift */ = {isa = PBXFileReference; lastKnownFileType = sourcecode.swift; path = Poke_monDenUITestsLaunchTests.swift; sourceTree = "<group>"; };
		ACD1596C2959A54D000926F6 /* Poke-monDen-Info.plist */ = {isa = PBXFileReference; lastKnownFileType = text.plist; path = "Poke-monDen-Info.plist"; sourceTree = SOURCE_ROOT; };
		ACD1596E2959A5F7000926F6 /* NetworkClient.swift */ = {isa = PBXFileReference; lastKnownFileType = sourcecode.swift; path = NetworkClient.swift; sourceTree = "<group>"; };
		ACD1597E2959AC50000926F6 /* PokemonDetailsDataModel.swift */ = {isa = PBXFileReference; fileEncoding = 4; lastKnownFileType = sourcecode.swift; path = PokemonDetailsDataModel.swift; sourceTree = "<group>"; };
		ACD1597F2959AC50000926F6 /* ListOfPokemonDataModel.swift */ = {isa = PBXFileReference; fileEncoding = 4; lastKnownFileType = sourcecode.swift; path = ListOfPokemonDataModel.swift; sourceTree = "<group>"; };
		ACD159802959AC50000926F6 /* BaseDataModel.swift */ = {isa = PBXFileReference; fileEncoding = 4; lastKnownFileType = sourcecode.swift; path = BaseDataModel.swift; sourceTree = "<group>"; };
		ACD159812959AC50000926F6 /* PokemonDescDataModel.swift */ = {isa = PBXFileReference; fileEncoding = 4; lastKnownFileType = sourcecode.swift; path = PokemonDescDataModel.swift; sourceTree = "<group>"; };
		ACD159872959ACE5000926F6 /* Mapper+Protocol.swift */ = {isa = PBXFileReference; fileEncoding = 4; lastKnownFileType = sourcecode.swift; path = "Mapper+Protocol.swift"; sourceTree = "<group>"; };
		ACD159882959ACE5000926F6 /* PokemonDetailMapper.swift */ = {isa = PBXFileReference; fileEncoding = 4; lastKnownFileType = sourcecode.swift; path = PokemonDetailMapper.swift; sourceTree = "<group>"; };
		ACD159892959ACE5000926F6 /* ListOfPokemonMapper.swift */ = {isa = PBXFileReference; fileEncoding = 4; lastKnownFileType = sourcecode.swift; path = ListOfPokemonMapper.swift; sourceTree = "<group>"; };
		ACD1598A2959ACE5000926F6 /* PokemonDescMapper.swift */ = {isa = PBXFileReference; fileEncoding = 4; lastKnownFileType = sourcecode.swift; path = PokemonDescMapper.swift; sourceTree = "<group>"; };
		ACD159912959ADE7000926F6 /* ListOfPokemonDomainModel.swift */ = {isa = PBXFileReference; fileEncoding = 4; lastKnownFileType = sourcecode.swift; path = ListOfPokemonDomainModel.swift; sourceTree = "<group>"; };
		ACD159922959ADE7000926F6 /* PokemonDetailsDomainModel.swift */ = {isa = PBXFileReference; fileEncoding = 4; lastKnownFileType = sourcecode.swift; path = PokemonDetailsDomainModel.swift; sourceTree = "<group>"; };
		ACD159932959ADE7000926F6 /* BaseDomainModel.swift */ = {isa = PBXFileReference; fileEncoding = 4; lastKnownFileType = sourcecode.swift; path = BaseDomainModel.swift; sourceTree = "<group>"; };
		ACD159942959ADE7000926F6 /* PokemonDescDomainModel.swift */ = {isa = PBXFileReference; fileEncoding = 4; lastKnownFileType = sourcecode.swift; path = PokemonDescDomainModel.swift; sourceTree = "<group>"; };
		ACD1599B2959AEB3000926F6 /* Helpers.swift */ = {isa = PBXFileReference; fileEncoding = 4; lastKnownFileType = sourcecode.swift; path = Helpers.swift; sourceTree = "<group>"; };
		ACD1599E2959AF3C000926F6 /* Repository.swift */ = {isa = PBXFileReference; fileEncoding = 4; lastKnownFileType = sourcecode.swift; path = Repository.swift; sourceTree = "<group>"; };
		ACD159A12959AFAE000926F6 /* Service.swift */ = {isa = PBXFileReference; lastKnownFileType = sourcecode.swift; path = Service.swift; sourceTree = "<group>"; };
		ACD159A72959B63D000926F6 /* HomeUseCase.swift */ = {isa = PBXFileReference; fileEncoding = 4; lastKnownFileType = sourcecode.swift; path = HomeUseCase.swift; sourceTree = "<group>"; };
		ACD159A82959B63D000926F6 /* DetailUseCase.swift */ = {isa = PBXFileReference; fileEncoding = 4; lastKnownFileType = sourcecode.swift; path = DetailUseCase.swift; sourceTree = "<group>"; };
		ACD159AE295AC6DA000926F6 /* HomeViewModel.swift */ = {isa = PBXFileReference; lastKnownFileType = sourcecode.swift; path = HomeViewModel.swift; sourceTree = "<group>"; };
		ACD159B0295ACCB1000926F6 /* HomeView.swift */ = {isa = PBXFileReference; lastKnownFileType = sourcecode.swift; path = HomeView.swift; sourceTree = "<group>"; };
		ACD159B3295AD014000926F6 /* Colors.swift */ = {isa = PBXFileReference; lastKnownFileType = sourcecode.swift; path = Colors.swift; sourceTree = "<group>"; };
		ACD159B6295AD059000926F6 /* HeaderView.swift */ = {isa = PBXFileReference; lastKnownFileType = sourcecode.swift; path = HeaderView.swift; sourceTree = "<group>"; };
		ACD159B9295AD0DB000926F6 /* Roboto-ThinItalic.ttf */ = {isa = PBXFileReference; lastKnownFileType = file; path = "Roboto-ThinItalic.ttf"; sourceTree = "<group>"; };
		ACD159BA295AD0DB000926F6 /* Roboto-Black.ttf */ = {isa = PBXFileReference; lastKnownFileType = file; path = "Roboto-Black.ttf"; sourceTree = "<group>"; };
		ACD159BB295AD0DB000926F6 /* Roboto-Medium.ttf */ = {isa = PBXFileReference; lastKnownFileType = file; path = "Roboto-Medium.ttf"; sourceTree = "<group>"; };
		ACD159BC295AD0DB000926F6 /* Roboto-Regular.ttf */ = {isa = PBXFileReference; lastKnownFileType = file; path = "Roboto-Regular.ttf"; sourceTree = "<group>"; };
		ACD159BD295AD0DB000926F6 /* Roboto-BlackItalic.ttf */ = {isa = PBXFileReference; lastKnownFileType = file; path = "Roboto-BlackItalic.ttf"; sourceTree = "<group>"; };
		ACD159BE295AD0DB000926F6 /* Roboto-Thin.ttf */ = {isa = PBXFileReference; lastKnownFileType = file; path = "Roboto-Thin.ttf"; sourceTree = "<group>"; };
		ACD159BF295AD0DB000926F6 /* Roboto-Light.ttf */ = {isa = PBXFileReference; lastKnownFileType = file; path = "Roboto-Light.ttf"; sourceTree = "<group>"; };
		ACD159C0295AD0DB000926F6 /* Roboto-Italic.ttf */ = {isa = PBXFileReference; lastKnownFileType = file; path = "Roboto-Italic.ttf"; sourceTree = "<group>"; };
		ACD159C1295AD0DB000926F6 /* Roboto-Bold.ttf */ = {isa = PBXFileReference; lastKnownFileType = file; path = "Roboto-Bold.ttf"; sourceTree = "<group>"; };
		ACD159C2295AD0DB000926F6 /* Roboto-BoldItalic.ttf */ = {isa = PBXFileReference; lastKnownFileType = file; path = "Roboto-BoldItalic.ttf"; sourceTree = "<group>"; };
		ACD159C3295AD0DB000926F6 /* Roboto-LightItalic.ttf */ = {isa = PBXFileReference; lastKnownFileType = file; path = "Roboto-LightItalic.ttf"; sourceTree = "<group>"; };
		ACD159C4295AD0DB000926F6 /* Roboto-MediumItalic.ttf */ = {isa = PBXFileReference; lastKnownFileType = file; path = "Roboto-MediumItalic.ttf"; sourceTree = "<group>"; };
		ACD159D1295AD1D1000926F6 /* SearchBarView.swift */ = {isa = PBXFileReference; lastKnownFileType = sourcecode.swift; path = SearchBarView.swift; sourceTree = "<group>"; };
		ACD159D3295AD2ED000926F6 /* PokemonGridItemView.swift */ = {isa = PBXFileReference; lastKnownFileType = sourcecode.swift; path = PokemonGridItemView.swift; sourceTree = "<group>"; };
		ACD4D16E295C6AAE005BBFB4 /* SnapshotTesting.framework */ = {isa = PBXFileReference; explicitFileType = wrapper.framework; path = SnapshotTesting.framework; sourceTree = BUILT_PRODUCTS_DIR; };
		ACD4D170295C6AD3005BBFB4 /* SnapshotTesting.framework */ = {isa = PBXFileReference; explicitFileType = wrapper.framework; path = SnapshotTesting.framework; sourceTree = BUILT_PRODUCTS_DIR; };
		ACD4D172295C6B66005BBFB4 /* Pods_Poke_monDen.framework */ = {isa = PBXFileReference; explicitFileType = wrapper.framework; path = Pods_Poke_monDen.framework; sourceTree = BUILT_PRODUCTS_DIR; };
		ACD4D180295C84FC005BBFB4 /* MockRepository.swift */ = {isa = PBXFileReference; lastKnownFileType = sourcecode.swift; path = MockRepository.swift; sourceTree = "<group>"; };
		ACD4D183295C8752005BBFB4 /* HomeUseCaseTests.swift */ = {isa = PBXFileReference; lastKnownFileType = sourcecode.swift; path = HomeUseCaseTests.swift; sourceTree = "<group>"; };
		ACD4D19A295D7D33005BBFB4 /* pokemonSpecies.json */ = {isa = PBXFileReference; fileEncoding = 4; lastKnownFileType = text.json; path = pokemonSpecies.json; sourceTree = "<group>"; };
		ACD4D19B295D7D33005BBFB4 /* emptyResponse.json */ = {isa = PBXFileReference; fileEncoding = 4; lastKnownFileType = text.json; path = emptyResponse.json; sourceTree = "<group>"; };
		ACD4D19C295D7D33005BBFB4 /* pokemonDetails.json */ = {isa = PBXFileReference; fileEncoding = 4; lastKnownFileType = text.json; path = pokemonDetails.json; sourceTree = "<group>"; };
		ACD4D19D295D7D33005BBFB4 /* pokemonList.json */ = {isa = PBXFileReference; fileEncoding = 4; lastKnownFileType = text.json; path = pokemonList.json; sourceTree = "<group>"; };
		ACD4D1A2295D7D83005BBFB4 /* DetailUseCaseTests.swift */ = {isa = PBXFileReference; lastKnownFileType = sourcecode.swift; path = DetailUseCaseTests.swift; sourceTree = "<group>"; };
		ACD4D1A5295D9436005BBFB4 /* HomeViewModelTests.swift */ = {isa = PBXFileReference; lastKnownFileType = sourcecode.swift; path = HomeViewModelTests.swift; sourceTree = "<group>"; };
		ACD4D1A7295DAF1C005BBFB4 /* anotherPokemonDetails.json */ = {isa = PBXFileReference; fileEncoding = 4; lastKnownFileType = text.json; path = anotherPokemonDetails.json; sourceTree = "<group>"; };
		ACD4D1A9295DB293005BBFB4 /* DetailViewModelTests.swift */ = {isa = PBXFileReference; lastKnownFileType = sourcecode.swift; path = DetailViewModelTests.swift; sourceTree = "<group>"; };
		ACD4D1AC295DC440005BBFB4 /* HeadingAndSubHeadingViewSnapshotTests.swift */ = {isa = PBXFileReference; fileEncoding = 4; lastKnownFileType = sourcecode.swift; path = HeadingAndSubHeadingViewSnapshotTests.swift; sourceTree = "<group>"; };
		ACD4D1AE295DCC25005BBFB4 /* Pods_Poke_monDen.framework */ = {isa = PBXFileReference; explicitFileType = wrapper.framework; path = Pods_Poke_monDen.framework; sourceTree = BUILT_PRODUCTS_DIR; };
		ACD514E8295AD608008DEDA7 /* RepositoryInterface.swift */ = {isa = PBXFileReference; lastKnownFileType = sourcecode.swift; path = RepositoryInterface.swift; sourceTree = "<group>"; };
		ACD514EA295AD629008DEDA7 /* ServiceInterface.swift */ = {isa = PBXFileReference; lastKnownFileType = sourcecode.swift; path = ServiceInterface.swift; sourceTree = "<group>"; };
		ACD514EF295AEE20008DEDA7 /* DetailViewModel.swift */ = {isa = PBXFileReference; lastKnownFileType = sourcecode.swift; path = DetailViewModel.swift; sourceTree = "<group>"; };
		ACD514F2295AEF36008DEDA7 /* HeadingAndSubHeadingView.swift */ = {isa = PBXFileReference; lastKnownFileType = sourcecode.swift; path = HeadingAndSubHeadingView.swift; sourceTree = "<group>"; };
		ACD514F4295AEF8F008DEDA7 /* ImageAndDescriptionView.swift */ = {isa = PBXFileReference; lastKnownFileType = sourcecode.swift; path = ImageAndDescriptionView.swift; sourceTree = "<group>"; };
		ACD514F6295AF03A008DEDA7 /* PokemonTypeView.swift */ = {isa = PBXFileReference; lastKnownFileType = sourcecode.swift; path = PokemonTypeView.swift; sourceTree = "<group>"; };
		ACD514F8295AF0AC008DEDA7 /* ProgressBarView.swift */ = {isa = PBXFileReference; lastKnownFileType = sourcecode.swift; path = ProgressBarView.swift; sourceTree = "<group>"; };
		ACD514FA295AF0ED008DEDA7 /* StatItemView.swift */ = {isa = PBXFileReference; lastKnownFileType = sourcecode.swift; path = StatItemView.swift; sourceTree = "<group>"; };
		ACD514FC295AF116008DEDA7 /* StatsView.swift */ = {isa = PBXFileReference; lastKnownFileType = sourcecode.swift; path = StatsView.swift; sourceTree = "<group>"; };
		ACD514FE295AF18A008DEDA7 /* DetailView.swift */ = {isa = PBXFileReference; lastKnownFileType = sourcecode.swift; path = DetailView.swift; sourceTree = "<group>"; };
		ACDE3A21295DD40A00F314FF /* CocoaLumberjack.framework */ = {isa = PBXFileReference; explicitFileType = wrapper.framework; path = CocoaLumberjack.framework; sourceTree = BUILT_PRODUCTS_DIR; };
		ACDE3A23295DD40A00F314FF /* SnapshotTesting.framework */ = {isa = PBXFileReference; explicitFileType = wrapper.framework; path = SnapshotTesting.framework; sourceTree = BUILT_PRODUCTS_DIR; };
		ACDE3A25295DD40A00F314FF /* SVGKit.framework */ = {isa = PBXFileReference; explicitFileType = wrapper.framework; path = SVGKit.framework; sourceTree = BUILT_PRODUCTS_DIR; };
		ACDE3A27295DD41600F314FF /* CocoaLumberjack.framework */ = {isa = PBXFileReference; explicitFileType = wrapper.framework; path = CocoaLumberjack.framework; sourceTree = BUILT_PRODUCTS_DIR; };
		ACDE3A29295DD41600F314FF /* SnapshotTesting.framework */ = {isa = PBXFileReference; explicitFileType = wrapper.framework; path = SnapshotTesting.framework; sourceTree = BUILT_PRODUCTS_DIR; };
		ACDE3A2B295DD41600F314FF /* SVGKit.framework */ = {isa = PBXFileReference; explicitFileType = wrapper.framework; path = SVGKit.framework; sourceTree = BUILT_PRODUCTS_DIR; };
		ACDE3A2D295DD42300F314FF /* CocoaLumberjack.framework */ = {isa = PBXFileReference; explicitFileType = wrapper.framework; path = CocoaLumberjack.framework; sourceTree = BUILT_PRODUCTS_DIR; };
		ACDE3A2F295DD42300F314FF /* SnapshotTesting.framework */ = {isa = PBXFileReference; explicitFileType = wrapper.framework; path = SnapshotTesting.framework; sourceTree = BUILT_PRODUCTS_DIR; };
		ACDE3A31295DD42300F314FF /* SVGKit.framework */ = {isa = PBXFileReference; explicitFileType = wrapper.framework; path = SVGKit.framework; sourceTree = BUILT_PRODUCTS_DIR; };
		ACDE3A33295EDFD200F314FF /* HeaderViewTests.swift */ = {isa = PBXFileReference; lastKnownFileType = sourcecode.swift; path = HeaderViewTests.swift; sourceTree = "<group>"; };
		ACDE3A38295EEA6000F314FF /* PokemonTypeViewTests.swift */ = {isa = PBXFileReference; lastKnownFileType = sourcecode.swift; path = PokemonTypeViewTests.swift; sourceTree = "<group>"; };
		D2B4C3CAE85BCED99E68FCBE /* Pods-PokémonDen-PokémonDenUITests.debug.xcconfig */ = {isa = PBXFileReference; includeInIndex = 1; lastKnownFileType = text.xcconfig; name = "Pods-PokémonDen-PokémonDenUITests.debug.xcconfig"; path = "Target Support Files/Pods-PokémonDen-PokémonDenUITests/Pods-PokémonDen-PokémonDenUITests.debug.xcconfig"; sourceTree = "<group>"; };
		D378EB8DCAC19933E7433D6C /* Pods_Poke_monDenTests.framework */ = {isa = PBXFileReference; explicitFileType = wrapper.framework; includeInIndex = 0; path = Pods_Poke_monDenTests.framework; sourceTree = BUILT_PRODUCTS_DIR; };
		EA0CB9EB83721F38D552A826 /* Pods-PokémonDen-PokémonDenSnapshotTests.debug.xcconfig */ = {isa = PBXFileReference; includeInIndex = 1; lastKnownFileType = text.xcconfig; name = "Pods-PokémonDen-PokémonDenSnapshotTests.debug.xcconfig"; path = "Target Support Files/Pods-PokémonDen-PokémonDenSnapshotTests/Pods-PokémonDen-PokémonDenSnapshotTests.debug.xcconfig"; sourceTree = "<group>"; };
		EBBE4ACF9B65D80D370328E5 /* Pods-PokémonDen.debug.xcconfig */ = {isa = PBXFileReference; includeInIndex = 1; lastKnownFileType = text.xcconfig; name = "Pods-PokémonDen.debug.xcconfig"; path = "Target Support Files/Pods-PokémonDen/Pods-PokémonDen.debug.xcconfig"; sourceTree = "<group>"; };
		EFECBEB633B1B6392FD52339 /* Pods-PokémonDen-PokémonDenUITests.release.xcconfig */ = {isa = PBXFileReference; includeInIndex = 1; lastKnownFileType = text.xcconfig; name = "Pods-PokémonDen-PokémonDenUITests.release.xcconfig"; path = "Target Support Files/Pods-PokémonDen-PokémonDenUITests/Pods-PokémonDen-PokémonDenUITests.release.xcconfig"; sourceTree = "<group>"; };
/* End PBXFileReference section */

/* Begin PBXFrameworksBuildPhase section */
		ACD1593C2959A4D9000926F6 /* Frameworks */ = {
			isa = PBXFrameworksBuildPhase;
			buildActionMask = 2147483647;
			files = (
			);
			runOnlyForDeploymentPostprocessing = 0;
		};
		ACD1594C2959A4DB000926F6 /* Frameworks */ = {
			isa = PBXFrameworksBuildPhase;
			buildActionMask = 2147483647;
			files = (
			);
			runOnlyForDeploymentPostprocessing = 0;
		};
		ACD159562959A4DB000926F6 /* Frameworks */ = {
			isa = PBXFrameworksBuildPhase;
			buildActionMask = 2147483647;
			files = (
				AC4895CE295EEFA500706181 /* ViewInspector in Frameworks */,
				AC4895D1295EF12400706181 /* SnapshotTesting in Frameworks */,
			);
			runOnlyForDeploymentPostprocessing = 0;
		};
/* End PBXFrameworksBuildPhase section */

/* Begin PBXGroup section */
		1DCB39DC0BAD790814F6CC16 /* Frameworks */ = {
			isa = PBXGroup;
			children = (
				ACDE3A2D295DD42300F314FF /* CocoaLumberjack.framework */,
				ACDE3A2F295DD42300F314FF /* SnapshotTesting.framework */,
				ACDE3A31295DD42300F314FF /* SVGKit.framework */,
				ACDE3A27295DD41600F314FF /* CocoaLumberjack.framework */,
				ACDE3A29295DD41600F314FF /* SnapshotTesting.framework */,
				ACDE3A2B295DD41600F314FF /* SVGKit.framework */,
				ACDE3A21295DD40A00F314FF /* CocoaLumberjack.framework */,
				ACDE3A23295DD40A00F314FF /* SnapshotTesting.framework */,
				ACDE3A25295DD40A00F314FF /* SVGKit.framework */,
				ACD4D1AE295DCC25005BBFB4 /* Pods_Poke_monDen.framework */,
				ACD4D172295C6B66005BBFB4 /* Pods_Poke_monDen.framework */,
				ACD4D170295C6AD3005BBFB4 /* SnapshotTesting.framework */,
				ACD4D16E295C6AAE005BBFB4 /* SnapshotTesting.framework */,
				ACB0429C295C37EE00E6F2BC /* SnapshotTesting.framework */,
				ACB0427D295B118D00E6F2BC /* Pods_Poke_monDen.framework */,
				71CA4021E1C09E795CEB54FB /* Pods_Poke_monDen.framework */,
				1E292E2312B965DB53B41990 /* Pods_Poke_monDen_Poke_monDenUITests.framework */,
				D378EB8DCAC19933E7433D6C /* Pods_Poke_monDenTests.framework */,
				4E9BD39FD2518717B7727FEA /* Pods_Poke_monDen_Poke_monDenSnapshotTests.framework */,
			);
			name = Frameworks;
			sourceTree = "<group>";
		};
		32A9BB730441E04B311A2D92 /* Pods */ = {
			isa = PBXGroup;
			children = (
				EBBE4ACF9B65D80D370328E5 /* Pods-PokémonDen.debug.xcconfig */,
				A13D91183D75FB20F240112B /* Pods-PokémonDen.release.xcconfig */,
				D2B4C3CAE85BCED99E68FCBE /* Pods-PokémonDen-PokémonDenUITests.debug.xcconfig */,
				EFECBEB633B1B6392FD52339 /* Pods-PokémonDen-PokémonDenUITests.release.xcconfig */,
				91D6170083E57959C267A3D9 /* Pods-PokémonDenTests.debug.xcconfig */,
				1460455EA9AD044DD2401855 /* Pods-PokémonDenTests.release.xcconfig */,
				EA0CB9EB83721F38D552A826 /* Pods-PokémonDen-PokémonDenSnapshotTests.debug.xcconfig */,
				0622A700E1F3194AF4D25497 /* Pods-PokémonDen-PokémonDenSnapshotTests.release.xcconfig */,
			);
			path = Pods;
			sourceTree = "<group>";
		};
		ACD159362959A4D9000926F6 = {
			isa = PBXGroup;
			children = (
				ACD159412959A4D9000926F6 /* PokémonDen */,
				ACD159522959A4DB000926F6 /* PokémonDenTests */,
				ACD1595C2959A4DB000926F6 /* PokémonDenUITests */,
				ACD159402959A4D9000926F6 /* Products */,
				32A9BB730441E04B311A2D92 /* Pods */,
				1DCB39DC0BAD790814F6CC16 /* Frameworks */,
			);
			sourceTree = "<group>";
		};
		ACD159402959A4D9000926F6 /* Products */ = {
			isa = PBXGroup;
			children = (
				ACD1593F2959A4D9000926F6 /* PokémonDen.app */,
				ACD1594F2959A4DB000926F6 /* PokémonDenTests.xctest */,
				ACD159592959A4DB000926F6 /* PokémonDenUITests.xctest */,
			);
			name = Products;
			sourceTree = "<group>";
		};
		ACD159412959A4D9000926F6 /* PokémonDen */ = {
			isa = PBXGroup;
			children = (
				ACD159AB295AC6B7000926F6 /* Presentation */,
				ACD159992959AE78000926F6 /* Core */,
				ACD1598F2959ADB9000926F6 /* Domain */,
				ACD1596D2959A59E000926F6 /* Data */,
				ACD1596C2959A54D000926F6 /* Poke-monDen-Info.plist */,
				ACD159422959A4D9000926F6 /* Poke_monDenApp.swift */,
				ACD159462959A4DB000926F6 /* Assets.xcassets */,
				ACD159482959A4DB000926F6 /* Preview Content */,
			);
			path = "PokémonDen";
			sourceTree = "<group>";
		};
		ACD159482959A4DB000926F6 /* Preview Content */ = {
			isa = PBXGroup;
			children = (
				ACD159492959A4DB000926F6 /* Preview Assets.xcassets */,
			);
			path = "Preview Content";
			sourceTree = "<group>";
		};
		ACD159522959A4DB000926F6 /* PokémonDenTests */ = {
			isa = PBXGroup;
			children = (
				ACD4D1A4295D9351005BBFB4 /* ViewModel */,
				ACD4D182295C873E005BBFB4 /* UseCase */,
				ACD4D17D295C834F005BBFB4 /* Repository */,
				ACD159532959A4DB000926F6 /* Poke_monDenTests.swift */,
			);
			path = "PokémonDenTests";
			sourceTree = "<group>";
		};
		ACD1595C2959A4DB000926F6 /* PokémonDenUITests */ = {
			isa = PBXGroup;
			children = (
				ACD4D1AB295DC42E005BBFB4 /* View */,
				ACD1595D2959A4DB000926F6 /* Poke_monDenUITests.swift */,
				ACD1595F2959A4DB000926F6 /* Poke_monDenUITestsLaunchTests.swift */,
			);
			path = "PokémonDenUITests";
			sourceTree = "<group>";
		};
		ACD1596D2959A59E000926F6 /* Data */ = {
			isa = PBXGroup;
			children = (
				ACD4D199295D7D0A005BBFB4 /* MockJSON */,
				ACD159A02959AF83000926F6 /* Service */,
				ACD1599D2959AF1F000926F6 /* Repository */,
				ACD159862959ACBE000926F6 /* Mapper */,
				ACD1597D2959AC2E000926F6 /* Model */,
				ACD1596E2959A5F7000926F6 /* NetworkClient.swift */,
			);
			path = Data;
			sourceTree = "<group>";
		};
		ACD1597D2959AC2E000926F6 /* Model */ = {
			isa = PBXGroup;
			children = (
				ACD159802959AC50000926F6 /* BaseDataModel.swift */,
				ACD1597F2959AC50000926F6 /* ListOfPokemonDataModel.swift */,
				ACD159812959AC50000926F6 /* PokemonDescDataModel.swift */,
				ACD1597E2959AC50000926F6 /* PokemonDetailsDataModel.swift */,
			);
			path = Model;
			sourceTree = "<group>";
		};
		ACD159862959ACBE000926F6 /* Mapper */ = {
			isa = PBXGroup;
			children = (
				ACD159892959ACE5000926F6 /* ListOfPokemonMapper.swift */,
				ACD159872959ACE5000926F6 /* Mapper+Protocol.swift */,
				ACD1598A2959ACE5000926F6 /* PokemonDescMapper.swift */,
				ACD159882959ACE5000926F6 /* PokemonDetailMapper.swift */,
			);
			path = Mapper;
			sourceTree = "<group>";
		};
		ACD1598F2959ADB9000926F6 /* Domain */ = {
			isa = PBXGroup;
			children = (
				ACD159A62959B568000926F6 /* UseCase */,
				ACD159A32959B4DC000926F6 /* Repository */,
				ACD159902959ADC1000926F6 /* Model */,
			);
			path = Domain;
			sourceTree = "<group>";
		};
		ACD159902959ADC1000926F6 /* Model */ = {
			isa = PBXGroup;
			children = (
				ACD159932959ADE7000926F6 /* BaseDomainModel.swift */,
				ACD159912959ADE7000926F6 /* ListOfPokemonDomainModel.swift */,
				ACD159942959ADE7000926F6 /* PokemonDescDomainModel.swift */,
				ACD159922959ADE7000926F6 /* PokemonDetailsDomainModel.swift */,
			);
			path = Model;
			sourceTree = "<group>";
		};
		ACD159992959AE78000926F6 /* Core */ = {
			isa = PBXGroup;
			children = (
				ACD159B8295AD0B5000926F6 /* Fonts */,
				ACD159B2295AD002000926F6 /* Utility */,
				ACD1599A2959AE92000926F6 /* Helpers */,
			);
			path = Core;
			sourceTree = "<group>";
		};
		ACD1599A2959AE92000926F6 /* Helpers */ = {
			isa = PBXGroup;
			children = (
				ACD1599B2959AEB3000926F6 /* Helpers.swift */,
			);
			path = Helpers;
			sourceTree = "<group>";
		};
		ACD1599D2959AF1F000926F6 /* Repository */ = {
			isa = PBXGroup;
			children = (
				ACD1599E2959AF3C000926F6 /* Repository.swift */,
			);
			path = Repository;
			sourceTree = "<group>";
		};
		ACD159A02959AF83000926F6 /* Service */ = {
			isa = PBXGroup;
			children = (
				ACD159A12959AFAE000926F6 /* Service.swift */,
				ACD514EA295AD629008DEDA7 /* ServiceInterface.swift */,
			);
			path = Service;
			sourceTree = "<group>";
		};
		ACD159A32959B4DC000926F6 /* Repository */ = {
			isa = PBXGroup;
			children = (
				ACD514E8295AD608008DEDA7 /* RepositoryInterface.swift */,
			);
			path = Repository;
			sourceTree = "<group>";
		};
		ACD159A62959B568000926F6 /* UseCase */ = {
			isa = PBXGroup;
			children = (
				ACD159A82959B63D000926F6 /* DetailUseCase.swift */,
				ACD159A72959B63D000926F6 /* HomeUseCase.swift */,
			);
			path = UseCase;
			sourceTree = "<group>";
		};
		ACD159AB295AC6B7000926F6 /* Presentation */ = {
			isa = PBXGroup;
			children = (
				ACD514ED295AEDEC008DEDA7 /* Detail */,
				ACD159AC295AC6BF000926F6 /* Home */,
				ACB04281295B33E300E6F2BC /* ViewModifiers.swift */,
			);
			path = Presentation;
			sourceTree = "<group>";
		};
		ACD159AC295AC6BF000926F6 /* Home */ = {
			isa = PBXGroup;
			children = (
				ACD159B5295AD04C000926F6 /* View */,
				ACD159AD295AC6C4000926F6 /* ViewModel */,
				ACD159B0295ACCB1000926F6 /* HomeView.swift */,
			);
			path = Home;
			sourceTree = "<group>";
		};
		ACD159AD295AC6C4000926F6 /* ViewModel */ = {
			isa = PBXGroup;
			children = (
				ACD159AE295AC6DA000926F6 /* HomeViewModel.swift */,
			);
			path = ViewModel;
			sourceTree = "<group>";
		};
		ACD159B2295AD002000926F6 /* Utility */ = {
			isa = PBXGroup;
			children = (
				ACD159B3295AD014000926F6 /* Colors.swift */,
			);
			path = Utility;
			sourceTree = "<group>";
		};
		ACD159B5295AD04C000926F6 /* View */ = {
			isa = PBXGroup;
			children = (
				ACD159B6295AD059000926F6 /* HeaderView.swift */,
				ACD159D1295AD1D1000926F6 /* SearchBarView.swift */,
				ACD159D3295AD2ED000926F6 /* PokemonGridItemView.swift */,
			);
			path = View;
			sourceTree = "<group>";
		};
		ACD159B8295AD0B5000926F6 /* Fonts */ = {
			isa = PBXGroup;
			children = (
				ACD159BA295AD0DB000926F6 /* Roboto-Black.ttf */,
				ACD159BD295AD0DB000926F6 /* Roboto-BlackItalic.ttf */,
				ACD159C1295AD0DB000926F6 /* Roboto-Bold.ttf */,
				ACD159C2295AD0DB000926F6 /* Roboto-BoldItalic.ttf */,
				ACD159C0295AD0DB000926F6 /* Roboto-Italic.ttf */,
				ACD159BF295AD0DB000926F6 /* Roboto-Light.ttf */,
				ACD159C3295AD0DB000926F6 /* Roboto-LightItalic.ttf */,
				ACD159BB295AD0DB000926F6 /* Roboto-Medium.ttf */,
				ACD159C4295AD0DB000926F6 /* Roboto-MediumItalic.ttf */,
				ACD159BC295AD0DB000926F6 /* Roboto-Regular.ttf */,
				ACD159BE295AD0DB000926F6 /* Roboto-Thin.ttf */,
				ACD159B9295AD0DB000926F6 /* Roboto-ThinItalic.ttf */,
			);
			path = Fonts;
			sourceTree = "<group>";
		};
		ACD4D17D295C834F005BBFB4 /* Repository */ = {
			isa = PBXGroup;
			children = (
				ACD4D180295C84FC005BBFB4 /* MockRepository.swift */,
			);
			path = Repository;
			sourceTree = "<group>";
		};
		ACD4D182295C873E005BBFB4 /* UseCase */ = {
			isa = PBXGroup;
			children = (
				ACD4D183295C8752005BBFB4 /* HomeUseCaseTests.swift */,
				ACD4D1A2295D7D83005BBFB4 /* DetailUseCaseTests.swift */,
			);
			path = UseCase;
			sourceTree = "<group>";
		};
		ACD4D199295D7D0A005BBFB4 /* MockJSON */ = {
			isa = PBXGroup;
			children = (
				ACD4D1A7295DAF1C005BBFB4 /* anotherPokemonDetails.json */,
				ACD4D19B295D7D33005BBFB4 /* emptyResponse.json */,
				ACD4D19C295D7D33005BBFB4 /* pokemonDetails.json */,
				ACD4D19D295D7D33005BBFB4 /* pokemonList.json */,
				ACD4D19A295D7D33005BBFB4 /* pokemonSpecies.json */,
			);
			path = MockJSON;
			sourceTree = "<group>";
		};
		ACD4D1A4295D9351005BBFB4 /* ViewModel */ = {
			isa = PBXGroup;
			children = (
				ACD4D1A5295D9436005BBFB4 /* HomeViewModelTests.swift */,
				ACD4D1A9295DB293005BBFB4 /* DetailViewModelTests.swift */,
			);
			path = ViewModel;
			sourceTree = "<group>";
		};
		ACD4D1AB295DC42E005BBFB4 /* View */ = {
			isa = PBXGroup;
			children = (
				ACD4D1AC295DC440005BBFB4 /* HeadingAndSubHeadingViewSnapshotTests.swift */,
				ACDE3A33295EDFD200F314FF /* HeaderViewTests.swift */,
				ACDE3A38295EEA6000F314FF /* PokemonTypeViewTests.swift */,
			);
			path = View;
			sourceTree = "<group>";
		};
		ACD514ED295AEDEC008DEDA7 /* Detail */ = {
			isa = PBXGroup;
			children = (
				ACD514F1295AEF22008DEDA7 /* View */,
				ACD514EE295AEDF7008DEDA7 /* ViewModel */,
				ACD514FE295AF18A008DEDA7 /* DetailView.swift */,
			);
			path = Detail;
			sourceTree = "<group>";
		};
		ACD514EE295AEDF7008DEDA7 /* ViewModel */ = {
			isa = PBXGroup;
			children = (
				ACD514EF295AEE20008DEDA7 /* DetailViewModel.swift */,
			);
			path = ViewModel;
			sourceTree = "<group>";
		};
		ACD514F1295AEF22008DEDA7 /* View */ = {
			isa = PBXGroup;
			children = (
				ACD514F2295AEF36008DEDA7 /* HeadingAndSubHeadingView.swift */,
				ACD514F4295AEF8F008DEDA7 /* ImageAndDescriptionView.swift */,
				ACD514F6295AF03A008DEDA7 /* PokemonTypeView.swift */,
				ACD514F8295AF0AC008DEDA7 /* ProgressBarView.swift */,
				ACD514FA295AF0ED008DEDA7 /* StatItemView.swift */,
				ACD514FC295AF116008DEDA7 /* StatsView.swift */,
			);
			path = View;
			sourceTree = "<group>";
		};
/* End PBXGroup section */

/* Begin PBXNativeTarget section */
		ACD1593E2959A4D9000926F6 /* PokémonDen */ = {
			isa = PBXNativeTarget;
			buildConfigurationList = ACD159632959A4DB000926F6 /* Build configuration list for PBXNativeTarget "PokémonDen" */;
			buildPhases = (
				252610F304ED645738496E3F /* [CP] Check Pods Manifest.lock */,
				ACD1593B2959A4D9000926F6 /* Sources */,
				ACD1593C2959A4D9000926F6 /* Frameworks */,
				ACD1593D2959A4D9000926F6 /* Resources */,
				D6D8CF501B43EB9126D2F41B /* [CP] Embed Pods Frameworks */,
			);
			buildRules = (
			);
			dependencies = (
			);
			name = "PokémonDen";
			productName = "PokémonDen";
			productReference = ACD1593F2959A4D9000926F6 /* PokémonDen.app */;
			productType = "com.apple.product-type.application";
		};
		ACD1594E2959A4DB000926F6 /* PokémonDenTests */ = {
			isa = PBXNativeTarget;
			buildConfigurationList = ACD159662959A4DB000926F6 /* Build configuration list for PBXNativeTarget "PokémonDenTests" */;
			buildPhases = (
				4348DB84928DA4FD7C2DEEB0 /* [CP] Check Pods Manifest.lock */,
				ACD1594B2959A4DB000926F6 /* Sources */,
				ACD1594C2959A4DB000926F6 /* Frameworks */,
				ACD1594D2959A4DB000926F6 /* Resources */,
			);
			buildRules = (
			);
			dependencies = (
				ACD159512959A4DB000926F6 /* PBXTargetDependency */,
			);
			name = "PokémonDenTests";
			productName = "PokémonDenTests";
			productReference = ACD1594F2959A4DB000926F6 /* PokémonDenTests.xctest */;
			productType = "com.apple.product-type.bundle.unit-test";
		};
		ACD159582959A4DB000926F6 /* PokémonDenUITests */ = {
			isa = PBXNativeTarget;
			buildConfigurationList = ACD159692959A4DB000926F6 /* Build configuration list for PBXNativeTarget "PokémonDenUITests" */;
			buildPhases = (
				7370C5C0430DAC61CCA23FF5 /* [CP] Check Pods Manifest.lock */,
				ACD159552959A4DB000926F6 /* Sources */,
				ACD159562959A4DB000926F6 /* Frameworks */,
				ACD159572959A4DB000926F6 /* Resources */,
				22AD1AC5F6CEBCD479C57787 /* [CP] Embed Pods Frameworks */,
			);
			buildRules = (
			);
			dependencies = (
				ACD1595B2959A4DB000926F6 /* PBXTargetDependency */,
			);
			name = "PokémonDenUITests";
			packageProductDependencies = (
				AC4895CD295EEFA500706181 /* ViewInspector */,
				AC4895D0295EF12400706181 /* SnapshotTesting */,
			);
			productName = "PokémonDenUITests";
			productReference = ACD159592959A4DB000926F6 /* PokémonDenUITests.xctest */;
			productType = "com.apple.product-type.bundle.ui-testing";
		};
/* End PBXNativeTarget section */

/* Begin PBXProject section */
		ACD159372959A4D9000926F6 /* Project object */ = {
			isa = PBXProject;
			attributes = {
				BuildIndependentTargetsInParallel = 1;
				LastSwiftUpdateCheck = 1330;
				LastUpgradeCheck = 1330;
				TargetAttributes = {
					ACD1593E2959A4D9000926F6 = {
						CreatedOnToolsVersion = 13.3;
					};
					ACD1594E2959A4DB000926F6 = {
						CreatedOnToolsVersion = 13.3;
						TestTargetID = ACD1593E2959A4D9000926F6;
					};
					ACD159582959A4DB000926F6 = {
						CreatedOnToolsVersion = 13.3;
						TestTargetID = ACD1593E2959A4D9000926F6;
					};
				};
			};
			buildConfigurationList = ACD1593A2959A4D9000926F6 /* Build configuration list for PBXProject "PokémonDen" */;
			compatibilityVersion = "Xcode 13.0";
			developmentRegion = en;
			hasScannedForEncodings = 0;
			knownRegions = (
				en,
				Base,
			);
			mainGroup = ACD159362959A4D9000926F6;
			packageReferences = (
				AC4895CC295EEFA500706181 /* XCRemoteSwiftPackageReference "ViewInspector" */,
				AC4895CF295EF12400706181 /* XCRemoteSwiftPackageReference "swift-snapshot-testing" */,
			);
			productRefGroup = ACD159402959A4D9000926F6 /* Products */;
			projectDirPath = "";
			projectRoot = "";
			targets = (
				ACD1593E2959A4D9000926F6 /* PokémonDen */,
				ACD1594E2959A4DB000926F6 /* PokémonDenTests */,
				ACD159582959A4DB000926F6 /* PokémonDenUITests */,
			);
		};
/* End PBXProject section */

/* Begin PBXResourcesBuildPhase section */
		ACD1593D2959A4D9000926F6 /* Resources */ = {
			isa = PBXResourcesBuildPhase;
			buildActionMask = 2147483647;
			files = (
				ACD159CA295AD0DB000926F6 /* Roboto-Thin.ttf in Resources */,
				ACD159C8295AD0DB000926F6 /* Roboto-Regular.ttf in Resources */,
				ACD159C7295AD0DB000926F6 /* Roboto-Medium.ttf in Resources */,
				ACD159C5295AD0DB000926F6 /* Roboto-ThinItalic.ttf in Resources */,
				ACD159D0295AD0DB000926F6 /* Roboto-MediumItalic.ttf in Resources */,
				ACD159CF295AD0DB000926F6 /* Roboto-LightItalic.ttf in Resources */,
				ACD159CD295AD0DB000926F6 /* Roboto-Bold.ttf in Resources */,
				ACD159C9295AD0DB000926F6 /* Roboto-BlackItalic.ttf in Resources */,
				ACD159CE295AD0DB000926F6 /* Roboto-BoldItalic.ttf in Resources */,
				ACD1594A2959A4DB000926F6 /* Preview Assets.xcassets in Resources */,
				ACD4D1A0295D7D33005BBFB4 /* pokemonDetails.json in Resources */,
				ACD159472959A4DB000926F6 /* Assets.xcassets in Resources */,
				ACD159CC295AD0DB000926F6 /* Roboto-Italic.ttf in Resources */,
				ACD4D1A1295D7D33005BBFB4 /* pokemonList.json in Resources */,
				ACD4D19F295D7D33005BBFB4 /* emptyResponse.json in Resources */,
				ACD159C6295AD0DB000926F6 /* Roboto-Black.ttf in Resources */,
				ACD4D1A8295DAF1C005BBFB4 /* anotherPokemonDetails.json in Resources */,
				ACD4D19E295D7D33005BBFB4 /* pokemonSpecies.json in Resources */,
				ACD159CB295AD0DB000926F6 /* Roboto-Light.ttf in Resources */,
			);
			runOnlyForDeploymentPostprocessing = 0;
		};
		ACD1594D2959A4DB000926F6 /* Resources */ = {
			isa = PBXResourcesBuildPhase;
			buildActionMask = 2147483647;
			files = (
			);
			runOnlyForDeploymentPostprocessing = 0;
		};
		ACD159572959A4DB000926F6 /* Resources */ = {
			isa = PBXResourcesBuildPhase;
			buildActionMask = 2147483647;
			files = (
			);
			runOnlyForDeploymentPostprocessing = 0;
		};
/* End PBXResourcesBuildPhase section */

/* Begin PBXShellScriptBuildPhase section */
		22AD1AC5F6CEBCD479C57787 /* [CP] Embed Pods Frameworks */ = {
			isa = PBXShellScriptBuildPhase;
			buildActionMask = 2147483647;
			files = (
			);
			inputFileListPaths = (
				"${PODS_ROOT}/Target Support Files/Pods-PokémonDen-PokémonDenUITests/Pods-PokémonDen-PokémonDenUITests-frameworks-${CONFIGURATION}-input-files.xcfilelist",
			);
			name = "[CP] Embed Pods Frameworks";
			outputFileListPaths = (
				"${PODS_ROOT}/Target Support Files/Pods-PokémonDen-PokémonDenUITests/Pods-PokémonDen-PokémonDenUITests-frameworks-${CONFIGURATION}-output-files.xcfilelist",
			);
			runOnlyForDeploymentPostprocessing = 0;
			shellPath = /bin/sh;
			shellScript = "\"${PODS_ROOT}/Target Support Files/Pods-PokémonDen-PokémonDenUITests/Pods-PokémonDen-PokémonDenUITests-frameworks.sh\"\n";
			showEnvVarsInLog = 0;
		};
		252610F304ED645738496E3F /* [CP] Check Pods Manifest.lock */ = {
			isa = PBXShellScriptBuildPhase;
			buildActionMask = 2147483647;
			files = (
			);
			inputFileListPaths = (
			);
			inputPaths = (
				"${PODS_PODFILE_DIR_PATH}/Podfile.lock",
				"${PODS_ROOT}/Manifest.lock",
			);
			name = "[CP] Check Pods Manifest.lock";
			outputFileListPaths = (
			);
			outputPaths = (
				"$(DERIVED_FILE_DIR)/Pods-PokémonDen-checkManifestLockResult.txt",
			);
			runOnlyForDeploymentPostprocessing = 0;
			shellPath = /bin/sh;
			shellScript = "diff \"${PODS_PODFILE_DIR_PATH}/Podfile.lock\" \"${PODS_ROOT}/Manifest.lock\" > /dev/null\nif [ $? != 0 ] ; then\n    # print error to STDERR\n    echo \"error: The sandbox is not in sync with the Podfile.lock. Run 'pod install' or update your CocoaPods installation.\" >&2\n    exit 1\nfi\n# This output is used by Xcode 'outputs' to avoid re-running this script phase.\necho \"SUCCESS\" > \"${SCRIPT_OUTPUT_FILE_0}\"\n";
			showEnvVarsInLog = 0;
		};
		4348DB84928DA4FD7C2DEEB0 /* [CP] Check Pods Manifest.lock */ = {
			isa = PBXShellScriptBuildPhase;
			buildActionMask = 2147483647;
			files = (
			);
			inputFileListPaths = (
			);
			inputPaths = (
				"${PODS_PODFILE_DIR_PATH}/Podfile.lock",
				"${PODS_ROOT}/Manifest.lock",
			);
			name = "[CP] Check Pods Manifest.lock";
			outputFileListPaths = (
			);
			outputPaths = (
				"$(DERIVED_FILE_DIR)/Pods-PokémonDenTests-checkManifestLockResult.txt",
			);
			runOnlyForDeploymentPostprocessing = 0;
			shellPath = /bin/sh;
			shellScript = "diff \"${PODS_PODFILE_DIR_PATH}/Podfile.lock\" \"${PODS_ROOT}/Manifest.lock\" > /dev/null\nif [ $? != 0 ] ; then\n    # print error to STDERR\n    echo \"error: The sandbox is not in sync with the Podfile.lock. Run 'pod install' or update your CocoaPods installation.\" >&2\n    exit 1\nfi\n# This output is used by Xcode 'outputs' to avoid re-running this script phase.\necho \"SUCCESS\" > \"${SCRIPT_OUTPUT_FILE_0}\"\n";
			showEnvVarsInLog = 0;
		};
		7370C5C0430DAC61CCA23FF5 /* [CP] Check Pods Manifest.lock */ = {
			isa = PBXShellScriptBuildPhase;
			buildActionMask = 2147483647;
			files = (
			);
			inputFileListPaths = (
			);
			inputPaths = (
				"${PODS_PODFILE_DIR_PATH}/Podfile.lock",
				"${PODS_ROOT}/Manifest.lock",
			);
			name = "[CP] Check Pods Manifest.lock";
			outputFileListPaths = (
			);
			outputPaths = (
				"$(DERIVED_FILE_DIR)/Pods-PokémonDen-PokémonDenUITests-checkManifestLockResult.txt",
			);
			runOnlyForDeploymentPostprocessing = 0;
			shellPath = /bin/sh;
			shellScript = "diff \"${PODS_PODFILE_DIR_PATH}/Podfile.lock\" \"${PODS_ROOT}/Manifest.lock\" > /dev/null\nif [ $? != 0 ] ; then\n    # print error to STDERR\n    echo \"error: The sandbox is not in sync with the Podfile.lock. Run 'pod install' or update your CocoaPods installation.\" >&2\n    exit 1\nfi\n# This output is used by Xcode 'outputs' to avoid re-running this script phase.\necho \"SUCCESS\" > \"${SCRIPT_OUTPUT_FILE_0}\"\n";
			showEnvVarsInLog = 0;
		};
		D6D8CF501B43EB9126D2F41B /* [CP] Embed Pods Frameworks */ = {
			isa = PBXShellScriptBuildPhase;
			buildActionMask = 2147483647;
			files = (
			);
			inputFileListPaths = (
				"${PODS_ROOT}/Target Support Files/Pods-PokémonDen/Pods-PokémonDen-frameworks-${CONFIGURATION}-input-files.xcfilelist",
			);
			name = "[CP] Embed Pods Frameworks";
			outputFileListPaths = (
				"${PODS_ROOT}/Target Support Files/Pods-PokémonDen/Pods-PokémonDen-frameworks-${CONFIGURATION}-output-files.xcfilelist",
			);
			runOnlyForDeploymentPostprocessing = 0;
			shellPath = /bin/sh;
			shellScript = "\"${PODS_ROOT}/Target Support Files/Pods-PokémonDen/Pods-PokémonDen-frameworks.sh\"\n";
			showEnvVarsInLog = 0;
		};
/* End PBXShellScriptBuildPhase section */

/* Begin PBXSourcesBuildPhase section */
		ACD1593B2959A4D9000926F6 /* Sources */ = {
			isa = PBXSourcesBuildPhase;
			buildActionMask = 2147483647;
			files = (
				ACD159B4295AD014000926F6 /* Colors.swift in Sources */,
				ACD514F5295AEF8F008DEDA7 /* ImageAndDescriptionView.swift in Sources */,
				ACD159AF295AC6DA000926F6 /* HomeViewModel.swift in Sources */,
				ACB04282295B33E300E6F2BC /* ViewModifiers.swift in Sources */,
				ACD514FF295AF18A008DEDA7 /* DetailView.swift in Sources */,
				ACD159852959AC50000926F6 /* PokemonDescDataModel.swift in Sources */,
				ACD1598B2959ACE5000926F6 /* Mapper+Protocol.swift in Sources */,
				ACD159432959A4D9000926F6 /* Poke_monDenApp.swift in Sources */,
				ACD159832959AC50000926F6 /* ListOfPokemonDataModel.swift in Sources */,
				ACD159A22959AFAE000926F6 /* Service.swift in Sources */,
				ACD1598D2959ACE5000926F6 /* ListOfPokemonMapper.swift in Sources */,
				ACD514FB295AF0ED008DEDA7 /* StatItemView.swift in Sources */,
				ACD1598C2959ACE5000926F6 /* PokemonDetailMapper.swift in Sources */,
				ACD514F7295AF03A008DEDA7 /* PokemonTypeView.swift in Sources */,
				ACD514FD295AF116008DEDA7 /* StatsView.swift in Sources */,
				ACD159982959ADE7000926F6 /* PokemonDescDomainModel.swift in Sources */,
				ACD514E9295AD608008DEDA7 /* RepositoryInterface.swift in Sources */,
				ACD159822959AC50000926F6 /* PokemonDetailsDataModel.swift in Sources */,
				ACD514F3295AEF36008DEDA7 /* HeadingAndSubHeadingView.swift in Sources */,
				ACD159972959ADE7000926F6 /* BaseDomainModel.swift in Sources */,
				ACD159AA2959B63D000926F6 /* DetailUseCase.swift in Sources */,
				ACD159B7295AD059000926F6 /* HeaderView.swift in Sources */,
				ACD159952959ADE7000926F6 /* ListOfPokemonDomainModel.swift in Sources */,
				ACD1599C2959AEB3000926F6 /* Helpers.swift in Sources */,
				ACD159A92959B63D000926F6 /* HomeUseCase.swift in Sources */,
				ACD514F9295AF0AC008DEDA7 /* ProgressBarView.swift in Sources */,
				ACD1599F2959AF3C000926F6 /* Repository.swift in Sources */,
				ACD159842959AC50000926F6 /* BaseDataModel.swift in Sources */,
				ACD159962959ADE7000926F6 /* PokemonDetailsDomainModel.swift in Sources */,
				ACD159D2295AD1D1000926F6 /* SearchBarView.swift in Sources */,
				ACD1598E2959ACE5000926F6 /* PokemonDescMapper.swift in Sources */,
				ACD514F0295AEE20008DEDA7 /* DetailViewModel.swift in Sources */,
				ACD159B1295ACCB1000926F6 /* HomeView.swift in Sources */,
				ACD1596F2959A5F7000926F6 /* NetworkClient.swift in Sources */,
				ACD159D4295AD2ED000926F6 /* PokemonGridItemView.swift in Sources */,
				ACD514EB295AD629008DEDA7 /* ServiceInterface.swift in Sources */,
			);
			runOnlyForDeploymentPostprocessing = 0;
		};
		ACD1594B2959A4DB000926F6 /* Sources */ = {
			isa = PBXSourcesBuildPhase;
			buildActionMask = 2147483647;
			files = (
				ACD4D1A6295D9436005BBFB4 /* HomeViewModelTests.swift in Sources */,
				ACD159542959A4DB000926F6 /* Poke_monDenTests.swift in Sources */,
				ACD4D184295C8752005BBFB4 /* HomeUseCaseTests.swift in Sources */,
				ACD4D1A3295D7D83005BBFB4 /* DetailUseCaseTests.swift in Sources */,
				ACD4D181295C84FC005BBFB4 /* MockRepository.swift in Sources */,
				ACD4D1AA295DB293005BBFB4 /* DetailViewModelTests.swift in Sources */,
			);
			runOnlyForDeploymentPostprocessing = 0;
		};
		ACD159552959A4DB000926F6 /* Sources */ = {
			isa = PBXSourcesBuildPhase;
			buildActionMask = 2147483647;
			files = (
				ACD159602959A4DB000926F6 /* Poke_monDenUITestsLaunchTests.swift in Sources */,
				ACD4D1AD295DC440005BBFB4 /* HeadingAndSubHeadingViewSnapshotTests.swift in Sources */,
				ACD1595E2959A4DB000926F6 /* Poke_monDenUITests.swift in Sources */,
				ACDE3A39295EEA6000F314FF /* PokemonTypeViewTests.swift in Sources */,
				ACDE3A34295EDFD200F314FF /* HeaderViewTests.swift in Sources */,
			);
			runOnlyForDeploymentPostprocessing = 0;
		};
/* End PBXSourcesBuildPhase section */

/* Begin PBXTargetDependency section */
		ACD159512959A4DB000926F6 /* PBXTargetDependency */ = {
			isa = PBXTargetDependency;
			target = ACD1593E2959A4D9000926F6 /* PokémonDen */;
			targetProxy = ACD159502959A4DB000926F6 /* PBXContainerItemProxy */;
		};
		ACD1595B2959A4DB000926F6 /* PBXTargetDependency */ = {
			isa = PBXTargetDependency;
			target = ACD1593E2959A4D9000926F6 /* PokémonDen */;
			targetProxy = ACD1595A2959A4DB000926F6 /* PBXContainerItemProxy */;
		};
/* End PBXTargetDependency section */

/* Begin XCBuildConfiguration section */
		ACD159612959A4DB000926F6 /* Debug */ = {
			isa = XCBuildConfiguration;
			buildSettings = {
				ALWAYS_SEARCH_USER_PATHS = NO;
				CLANG_ANALYZER_NONNULL = YES;
				CLANG_ANALYZER_NUMBER_OBJECT_CONVERSION = YES_AGGRESSIVE;
				CLANG_CXX_LANGUAGE_STANDARD = "gnu++17";
				CLANG_ENABLE_MODULES = YES;
				CLANG_ENABLE_OBJC_ARC = YES;
				CLANG_ENABLE_OBJC_WEAK = YES;
				CLANG_WARN_BLOCK_CAPTURE_AUTORELEASING = YES;
				CLANG_WARN_BOOL_CONVERSION = YES;
				CLANG_WARN_COMMA = YES;
				CLANG_WARN_CONSTANT_CONVERSION = YES;
				CLANG_WARN_DEPRECATED_OBJC_IMPLEMENTATIONS = YES;
				CLANG_WARN_DIRECT_OBJC_ISA_USAGE = YES_ERROR;
				CLANG_WARN_DOCUMENTATION_COMMENTS = YES;
				CLANG_WARN_EMPTY_BODY = YES;
				CLANG_WARN_ENUM_CONVERSION = YES;
				CLANG_WARN_INFINITE_RECURSION = YES;
				CLANG_WARN_INT_CONVERSION = YES;
				CLANG_WARN_NON_LITERAL_NULL_CONVERSION = YES;
				CLANG_WARN_OBJC_IMPLICIT_RETAIN_SELF = YES;
				CLANG_WARN_OBJC_LITERAL_CONVERSION = YES;
				CLANG_WARN_OBJC_ROOT_CLASS = YES_ERROR;
				CLANG_WARN_QUOTED_INCLUDE_IN_FRAMEWORK_HEADER = YES;
				CLANG_WARN_RANGE_LOOP_ANALYSIS = YES;
				CLANG_WARN_STRICT_PROTOTYPES = YES;
				CLANG_WARN_SUSPICIOUS_MOVE = YES;
				CLANG_WARN_UNGUARDED_AVAILABILITY = YES_AGGRESSIVE;
				CLANG_WARN_UNREACHABLE_CODE = YES;
				CLANG_WARN__DUPLICATE_METHOD_MATCH = YES;
				COPY_PHASE_STRIP = NO;
				DEBUG_INFORMATION_FORMAT = dwarf;
				ENABLE_STRICT_OBJC_MSGSEND = YES;
				ENABLE_TESTABILITY = YES;
				EXCLUDED_ARCHS = "";
				GCC_C_LANGUAGE_STANDARD = gnu11;
				GCC_DYNAMIC_NO_PIC = NO;
				GCC_NO_COMMON_BLOCKS = YES;
				GCC_OPTIMIZATION_LEVEL = 0;
				GCC_PREPROCESSOR_DEFINITIONS = (
					"DEBUG=1",
					"$(inherited)",
				);
				GCC_WARN_64_TO_32_BIT_CONVERSION = YES;
				GCC_WARN_ABOUT_RETURN_TYPE = YES_ERROR;
				GCC_WARN_UNDECLARED_SELECTOR = YES;
				GCC_WARN_UNINITIALIZED_AUTOS = YES_AGGRESSIVE;
				GCC_WARN_UNUSED_FUNCTION = YES;
				GCC_WARN_UNUSED_VARIABLE = YES;
				IPHONEOS_DEPLOYMENT_TARGET = 15.4;
				MTL_ENABLE_DEBUG_INFO = INCLUDE_SOURCE;
				MTL_FAST_MATH = YES;
				ONLY_ACTIVE_ARCH = YES;
				SDKROOT = iphoneos;
				SWIFT_ACTIVE_COMPILATION_CONDITIONS = DEBUG;
				SWIFT_OPTIMIZATION_LEVEL = "-Onone";
			};
			name = Debug;
		};
		ACD159622959A4DB000926F6 /* Release */ = {
			isa = XCBuildConfiguration;
			buildSettings = {
				ALWAYS_SEARCH_USER_PATHS = NO;
				CLANG_ANALYZER_NONNULL = YES;
				CLANG_ANALYZER_NUMBER_OBJECT_CONVERSION = YES_AGGRESSIVE;
				CLANG_CXX_LANGUAGE_STANDARD = "gnu++17";
				CLANG_ENABLE_MODULES = YES;
				CLANG_ENABLE_OBJC_ARC = YES;
				CLANG_ENABLE_OBJC_WEAK = YES;
				CLANG_WARN_BLOCK_CAPTURE_AUTORELEASING = YES;
				CLANG_WARN_BOOL_CONVERSION = YES;
				CLANG_WARN_COMMA = YES;
				CLANG_WARN_CONSTANT_CONVERSION = YES;
				CLANG_WARN_DEPRECATED_OBJC_IMPLEMENTATIONS = YES;
				CLANG_WARN_DIRECT_OBJC_ISA_USAGE = YES_ERROR;
				CLANG_WARN_DOCUMENTATION_COMMENTS = YES;
				CLANG_WARN_EMPTY_BODY = YES;
				CLANG_WARN_ENUM_CONVERSION = YES;
				CLANG_WARN_INFINITE_RECURSION = YES;
				CLANG_WARN_INT_CONVERSION = YES;
				CLANG_WARN_NON_LITERAL_NULL_CONVERSION = YES;
				CLANG_WARN_OBJC_IMPLICIT_RETAIN_SELF = YES;
				CLANG_WARN_OBJC_LITERAL_CONVERSION = YES;
				CLANG_WARN_OBJC_ROOT_CLASS = YES_ERROR;
				CLANG_WARN_QUOTED_INCLUDE_IN_FRAMEWORK_HEADER = YES;
				CLANG_WARN_RANGE_LOOP_ANALYSIS = YES;
				CLANG_WARN_STRICT_PROTOTYPES = YES;
				CLANG_WARN_SUSPICIOUS_MOVE = YES;
				CLANG_WARN_UNGUARDED_AVAILABILITY = YES_AGGRESSIVE;
				CLANG_WARN_UNREACHABLE_CODE = YES;
				CLANG_WARN__DUPLICATE_METHOD_MATCH = YES;
				COPY_PHASE_STRIP = NO;
				DEBUG_INFORMATION_FORMAT = "dwarf-with-dsym";
				ENABLE_NS_ASSERTIONS = NO;
				ENABLE_STRICT_OBJC_MSGSEND = YES;
				EXCLUDED_ARCHS = "";
				GCC_C_LANGUAGE_STANDARD = gnu11;
				GCC_NO_COMMON_BLOCKS = YES;
				GCC_WARN_64_TO_32_BIT_CONVERSION = YES;
				GCC_WARN_ABOUT_RETURN_TYPE = YES_ERROR;
				GCC_WARN_UNDECLARED_SELECTOR = YES;
				GCC_WARN_UNINITIALIZED_AUTOS = YES_AGGRESSIVE;
				GCC_WARN_UNUSED_FUNCTION = YES;
				GCC_WARN_UNUSED_VARIABLE = YES;
				IPHONEOS_DEPLOYMENT_TARGET = 15.4;
				MTL_ENABLE_DEBUG_INFO = NO;
				MTL_FAST_MATH = YES;
				ONLY_ACTIVE_ARCH = NO;
				SDKROOT = iphoneos;
				SWIFT_COMPILATION_MODE = wholemodule;
				SWIFT_OPTIMIZATION_LEVEL = "-O";
				VALIDATE_PRODUCT = YES;
			};
			name = Release;
		};
		ACD159642959A4DB000926F6 /* Debug */ = {
			isa = XCBuildConfiguration;
			baseConfigurationReference = EBBE4ACF9B65D80D370328E5 /* Pods-PokémonDen.debug.xcconfig */;
			buildSettings = {
				ASSETCATALOG_COMPILER_APPICON_NAME = AppIcon;
				ASSETCATALOG_COMPILER_GLOBAL_ACCENT_COLOR_NAME = AccentColor;
				CODE_SIGN_STYLE = Automatic;
				CURRENT_PROJECT_VERSION = 1;
				DEVELOPMENT_ASSET_PATHS = "\"PokémonDen/Preview Content\"";
				DEVELOPMENT_TEAM = 4J2BA2KT8M;
				ENABLE_PREVIEWS = YES;
				EXCLUDED_ARCHS = "";
				GENERATE_INFOPLIST_FILE = YES;
				INFOPLIST_FILE = "Poke-monDen-Info.plist";
				INFOPLIST_KEY_UIApplicationSceneManifest_Generation = YES;
				INFOPLIST_KEY_UIApplicationSupportsIndirectInputEvents = YES;
				INFOPLIST_KEY_UISupportedInterfaceOrientations = UIInterfaceOrientationPortrait;
				INFOPLIST_KEY_UISupportedInterfaceOrientations_iPad = "UIInterfaceOrientationPortrait UIInterfaceOrientationPortraitUpsideDown UIInterfaceOrientationLandscapeLeft UIInterfaceOrientationLandscapeRight";
				INFOPLIST_KEY_UISupportedInterfaceOrientations_iPhone = "UIInterfaceOrientationPortrait UIInterfaceOrientationLandscapeLeft UIInterfaceOrientationLandscapeRight";
				LD_RUNPATH_SEARCH_PATHS = (
					"$(inherited)",
					"@executable_path/Frameworks",
				);
				MARKETING_VERSION = 1.0;
				PRODUCT_BUNDLE_IDENTIFIER = "com.utkarsh.Poke-monDen";
				PRODUCT_MODULE_NAME = "$(TARGET_NAME)";
				PRODUCT_NAME = "$(TARGET_NAME)";
				SWIFT_EMIT_LOC_STRINGS = YES;
				SWIFT_VERSION = 5.0;
				TARGETED_DEVICE_FAMILY = 1;
			};
			name = Debug;
		};
		ACD159652959A4DB000926F6 /* Release */ = {
			isa = XCBuildConfiguration;
			baseConfigurationReference = A13D91183D75FB20F240112B /* Pods-PokémonDen.release.xcconfig */;
			buildSettings = {
				ASSETCATALOG_COMPILER_APPICON_NAME = AppIcon;
				ASSETCATALOG_COMPILER_GLOBAL_ACCENT_COLOR_NAME = AccentColor;
				CODE_SIGN_STYLE = Automatic;
				CURRENT_PROJECT_VERSION = 1;
				DEVELOPMENT_ASSET_PATHS = "\"PokémonDen/Preview Content\"";
				DEVELOPMENT_TEAM = 4J2BA2KT8M;
				ENABLE_PREVIEWS = YES;
				EXCLUDED_ARCHS = "";
				GENERATE_INFOPLIST_FILE = YES;
				INFOPLIST_FILE = "Poke-monDen-Info.plist";
				INFOPLIST_KEY_UIApplicationSceneManifest_Generation = YES;
				INFOPLIST_KEY_UIApplicationSupportsIndirectInputEvents = YES;
				INFOPLIST_KEY_UISupportedInterfaceOrientations = UIInterfaceOrientationPortrait;
				INFOPLIST_KEY_UISupportedInterfaceOrientations_iPad = "UIInterfaceOrientationPortrait UIInterfaceOrientationPortraitUpsideDown UIInterfaceOrientationLandscapeLeft UIInterfaceOrientationLandscapeRight";
				INFOPLIST_KEY_UISupportedInterfaceOrientations_iPhone = "UIInterfaceOrientationPortrait UIInterfaceOrientationLandscapeLeft UIInterfaceOrientationLandscapeRight";
				LD_RUNPATH_SEARCH_PATHS = (
					"$(inherited)",
					"@executable_path/Frameworks",
				);
				MARKETING_VERSION = 1.0;
				PRODUCT_BUNDLE_IDENTIFIER = "com.utkarsh.Poke-monDen";
				PRODUCT_MODULE_NAME = "$(TARGET_NAME)";
				PRODUCT_NAME = "$(TARGET_NAME)";
				SWIFT_EMIT_LOC_STRINGS = YES;
				SWIFT_VERSION = 5.0;
				TARGETED_DEVICE_FAMILY = 1;
			};
			name = Release;
		};
		ACD159672959A4DB000926F6 /* Debug */ = {
			isa = XCBuildConfiguration;
			baseConfigurationReference = 91D6170083E57959C267A3D9 /* Pods-PokémonDenTests.debug.xcconfig */;
			buildSettings = {
				ALWAYS_EMBED_SWIFT_STANDARD_LIBRARIES = YES;
				BUNDLE_LOADER = "$(TEST_HOST)";
				CODE_SIGN_STYLE = Automatic;
				CURRENT_PROJECT_VERSION = 1;
				DEVELOPMENT_TEAM = 4J2BA2KT8M;
				GENERATE_INFOPLIST_FILE = YES;
				IPHONEOS_DEPLOYMENT_TARGET = 15.4;
				MARKETING_VERSION = 1.0;
				PRODUCT_BUNDLE_IDENTIFIER = "com.utkarsh.Poke-monDenTests";
				PRODUCT_NAME = "$(TARGET_NAME)";
				SWIFT_EMIT_LOC_STRINGS = NO;
				SWIFT_VERSION = 5.0;
				TARGETED_DEVICE_FAMILY = "1,2";
				TEST_HOST = "$(BUILT_PRODUCTS_DIR)/PokémonDen.app/PokémonDen";
			};
			name = Debug;
		};
		ACD159682959A4DB000926F6 /* Release */ = {
			isa = XCBuildConfiguration;
			baseConfigurationReference = 1460455EA9AD044DD2401855 /* Pods-PokémonDenTests.release.xcconfig */;
			buildSettings = {
				ALWAYS_EMBED_SWIFT_STANDARD_LIBRARIES = YES;
				BUNDLE_LOADER = "$(TEST_HOST)";
				CODE_SIGN_STYLE = Automatic;
				CURRENT_PROJECT_VERSION = 1;
				DEVELOPMENT_TEAM = 4J2BA2KT8M;
				GENERATE_INFOPLIST_FILE = YES;
				IPHONEOS_DEPLOYMENT_TARGET = 15.4;
				MARKETING_VERSION = 1.0;
				PRODUCT_BUNDLE_IDENTIFIER = "com.utkarsh.Poke-monDenTests";
				PRODUCT_NAME = "$(TARGET_NAME)";
				SWIFT_EMIT_LOC_STRINGS = NO;
				SWIFT_VERSION = 5.0;
				TARGETED_DEVICE_FAMILY = "1,2";
				TEST_HOST = "$(BUILT_PRODUCTS_DIR)/PokémonDen.app/PokémonDen";
			};
			name = Release;
		};
		ACD1596A2959A4DB000926F6 /* Debug */ = {
			isa = XCBuildConfiguration;
			baseConfigurationReference = D2B4C3CAE85BCED99E68FCBE /* Pods-PokémonDen-PokémonDenUITests.debug.xcconfig */;
			buildSettings = {
				ALWAYS_EMBED_SWIFT_STANDARD_LIBRARIES = YES;
				CODE_SIGN_STYLE = Automatic;
				CURRENT_PROJECT_VERSION = 1;
				DEVELOPMENT_TEAM = 4J2BA2KT8M;
				EXCLUDED_ARCHS = "";
				GENERATE_INFOPLIST_FILE = YES;
				MARKETING_VERSION = 1.0;
				ONLY_ACTIVE_ARCH = YES;
				PRODUCT_BUNDLE_IDENTIFIER = "com.utkarsh.Poke-monDenUITests";
				PRODUCT_NAME = "$(TARGET_NAME)";
				SWIFT_EMIT_LOC_STRINGS = NO;
				SWIFT_VERSION = 5.0;
				TARGETED_DEVICE_FAMILY = "1,2";
				TEST_TARGET_NAME = "PokémonDen";
			};
			name = Debug;
		};
		ACD1596B2959A4DB000926F6 /* Release */ = {
			isa = XCBuildConfiguration;
			baseConfigurationReference = EFECBEB633B1B6392FD52339 /* Pods-PokémonDen-PokémonDenUITests.release.xcconfig */;
			buildSettings = {
				ALWAYS_EMBED_SWIFT_STANDARD_LIBRARIES = YES;
				CODE_SIGN_STYLE = Automatic;
				CURRENT_PROJECT_VERSION = 1;
				DEVELOPMENT_TEAM = 4J2BA2KT8M;
				EXCLUDED_ARCHS = "";
				GENERATE_INFOPLIST_FILE = YES;
				MARKETING_VERSION = 1.0;
				ONLY_ACTIVE_ARCH = NO;
				PRODUCT_BUNDLE_IDENTIFIER = "com.utkarsh.Poke-monDenUITests";
				PRODUCT_NAME = "$(TARGET_NAME)";
				SWIFT_EMIT_LOC_STRINGS = NO;
				SWIFT_VERSION = 5.0;
				TARGETED_DEVICE_FAMILY = "1,2";
				TEST_TARGET_NAME = "PokémonDen";
			};
			name = Release;
		};
/* End XCBuildConfiguration section */

/* Begin XCConfigurationList section */
		ACD1593A2959A4D9000926F6 /* Build configuration list for PBXProject "PokémonDen" */ = {
			isa = XCConfigurationList;
			buildConfigurations = (
				ACD159612959A4DB000926F6 /* Debug */,
				ACD159622959A4DB000926F6 /* Release */,
			);
			defaultConfigurationIsVisible = 0;
			defaultConfigurationName = Release;
		};
		ACD159632959A4DB000926F6 /* Build configuration list for PBXNativeTarget "PokémonDen" */ = {
			isa = XCConfigurationList;
			buildConfigurations = (
				ACD159642959A4DB000926F6 /* Debug */,
				ACD159652959A4DB000926F6 /* Release */,
			);
			defaultConfigurationIsVisible = 0;
			defaultConfigurationName = Release;
		};
		ACD159662959A4DB000926F6 /* Build configuration list for PBXNativeTarget "PokémonDenTests" */ = {
			isa = XCConfigurationList;
			buildConfigurations = (
				ACD159672959A4DB000926F6 /* Debug */,
				ACD159682959A4DB000926F6 /* Release */,
			);
			defaultConfigurationIsVisible = 0;
			defaultConfigurationName = Release;
		};
		ACD159692959A4DB000926F6 /* Build configuration list for PBXNativeTarget "PokémonDenUITests" */ = {
			isa = XCConfigurationList;
			buildConfigurations = (
				ACD1596A2959A4DB000926F6 /* Debug */,
				ACD1596B2959A4DB000926F6 /* Release */,
			);
			defaultConfigurationIsVisible = 0;
			defaultConfigurationName = Release;
		};
/* End XCConfigurationList section */

/* Begin XCRemoteSwiftPackageReference section */
		AC4895CC295EEFA500706181 /* XCRemoteSwiftPackageReference "ViewInspector" */ = {
			isa = XCRemoteSwiftPackageReference;
			repositoryURL = "https://github.com/nalexn/ViewInspector";
			requirement = {
				kind = exactVersion;
				version = 0.9.1;
			};
		};
		AC4895CF295EF12400706181 /* XCRemoteSwiftPackageReference "swift-snapshot-testing" */ = {
			isa = XCRemoteSwiftPackageReference;
			repositoryURL = "https://github.com/pointfreeco/swift-snapshot-testing";
			requirement = {
				kind = exactVersion;
				version = 1.9.0;
			};
		};
/* End XCRemoteSwiftPackageReference section */

/* Begin XCSwiftPackageProductDependency section */
		AC4895CD295EEFA500706181 /* ViewInspector */ = {
			isa = XCSwiftPackageProductDependency;
			package = AC4895CC295EEFA500706181 /* XCRemoteSwiftPackageReference "ViewInspector" */;
			productName = ViewInspector;
		};
		AC4895D0295EF12400706181 /* SnapshotTesting */ = {
			isa = XCSwiftPackageProductDependency;
			package = AC4895CF295EF12400706181 /* XCRemoteSwiftPackageReference "swift-snapshot-testing" */;
			productName = SnapshotTesting;
		};
/* End XCSwiftPackageProductDependency section */
	};
	rootObject = ACD159372959A4D9000926F6 /* Project object */;
}
